# @generated - this file is auto-generated by `mise lock` https://mise.jdx.dev/dev-tools/mise-lock.html

lockfile_version = 3

[[tools.age]]
version = "1.3.2"
backend = "aqua:FiloSottile/age"
specifiers = ["1.3.2"]

[tools.age."platforms.linux-x64"]
checksum = "sha256:cbe24006683f8eb669266162894b9a522a1af52f2665fbc63a4bb032ed26ac10"
url = "https://github.com/FiloSottile/age/releases/download/v1.3.2/age-v1.3.2-linux-amd64.tar.gz"
url_api = "https://api.github.com/repos/FiloSottile/age/releases/assets/535541903"
provenance = "github-attestations"

[[tools."aqua:github/github-mcp-server"]]
version = "1.14.0"
backend = "aqua:github/github-mcp-server"
specifiers = ["1.14.0"]

[tools."aqua:github/github-mcp-server"."platforms.linux-x64"]
checksum = "sha256:2fcad56bb164b6c4918fdd9f1d5572257bf4e1f14b7eb1119d015b079818fd38"
url = "https://github.com/github/github-mcp-server/releases/download/v1.14.0/github-mcp-server_Linux_x86_64.tar.gz"
url_api = "https://api.github.com/repos/github/github-mcp-server/releases/assets/606073040"
provenance = "github-attestations"

[[tools.gitleaks]]
version = "8.30.1"
backend = "aqua:gitleaks/gitleaks"
specifiers = ["8.30.1"]

[tools.gitleaks."platforms.linux-x64"]
checksum = "sha256:551f6fc83ea457d62a0d98237cbad105af8d557003051f41f3e7ca7b3f2470eb"
url = "https://github.com/gitleaks/gitleaks/releases/download/v8.30.1/gitleaks_8.30.1_linux_x64.tar.gz"
url_api = "https://api.github.com/repos/gitleaks/gitleaks/releases/assets/378332058"

[[tools."http:terraform-mcp-server"]]
version = "1.3.0"
backend = "http:terraform-mcp-server"
specifiers = ["1.3.0"]

[tools."http:terraform-mcp-server"."platforms.linux-x64"]
checksum = "sha256:f8ecdbfb8473af4d54f6ca428de59649ff4c74f1c8a904da1c2973fa345d4d26"
url = "https://releases.hashicorp.com/terraform-mcp-server/1.3.0/terraform-mcp-server_1.3.0_linux_amd64.zip"

[[tools.node]]
version = "24.21.0"
backend = "core:node"
specifiers = ["24.21.0"]

[tools.node."platforms.linux-x64"]
checksum = "sha256:6e1db87ef58b8819e5d5402eff1536491b18edd8eb7bee5ef7897876e88dc5ff"
url = "https://nodejs.org/dist/v24.21.0/node-v24.21.0-linux-x64.tar.gz"

[[tools.opentofu]]
version = "1.13.1"
backend = "aqua:opentofu/opentofu"
specifiers = ["1.13.1"]

[tools.opentofu."platforms.linux-x64"]
checksum = "sha256:378ada19d4bc70c43732004e8159be771b23b9a5afdf059e5f8a2b3fa2c70a69"
url = "https://github.com/opentofu/opentofu/releases/download/v1.13.1/tofu_1.13.1_linux_amd64.tar.gz"
url_api = "https://api.github.com/repos/opentofu/opentofu/releases/assets/603708017"

[[tools.packer]]
version = "1.16.0"
backend = "aqua:hashicorp/packer"
specifiers = ["1.16.0"]

[tools.packer."platforms.linux-x64"]
checksum = "sha256:5edcd14ab59b535040c512dbecd6ec9ef976a000b073c19d93e4c431c948581e"
url = "https://releases.hashicorp.com/packer/1.16.0/packer_1.16.0_linux_amd64.zip"

[[tools."pipx:checkov"]]
version = "3.3.22"
backend = "pipx:checkov"
specifiers = ["3.3.22"]
uv = { path = ".mise/locks/pipx-checkov/3.3.22", digest = "sha256:ec0e478630bddddd652366cc9e618bc4cc7123faaf4b6fd285548fe43c27b3f5" }

[[tools."pipx:pre-commit"]]
version = "4.6.2"
backend = "pipx:pre-commit"
specifiers = ["4.6.2"]
uv = { path = ".mise/locks/pipx-pre-commit/4.6.2", digest = "sha256:8414b4327a6394c3f33294e4767f3e2e9a066c1dd5db75db9c1843636ae26f2d" }

[[tools.python]]
version = "3.14.8"
backend = "core:python"
specifiers = ["3.14.8"]

[tools.python."platforms.linux-x64"]
checksum = "sha256:d9ec7a6935ade8b671a57ebaf111083d7314eab8dae5071d167054dadd2b97d6"
url = "https://github.com/astral-sh/python-build-standalone/releases/download/20261003/cpython-3.14.8+20261003-x86_64-unknown-linux-gnu-install_only_stripped.tar.gz"
provenance = "github-attestations"

[[tools.sops]]
version = "3.13.3"
backend = "aqua:getsops/sops"
specifiers = ["3.13.3"]

[tools.sops."platforms.linux-x64"]
checksum = "sha256:e5bec3346a873ae91d871550f3e698c1aad962aff462a080e40f25fde17fef6b"
url = "https://github.com/getsops/sops/releases/download/v3.13.3/sops-v3.13.3.linux.amd64"
url_api = "https://api.github.com/repos/getsops/sops/releases/assets/486808201"
provenance = "cosign"

[[tools.terraform]]
version = "1.15.8"
backend = "aqua:hashicorp/terraform"
specifiers = ["1.15.8"]

[tools.terraform."platforms.linux-x64"]
checksum = "sha256:d25ce7b6902013ad905db3d2eab0be4cd905887fe88b81a6171b8d5503c31f3d"
url = "https://releases.hashicorp.com/terraform/1.15.8/terraform_1.15.8_linux_amd64.zip"

[[tools.terraform-docs]]
version = "0.24.0"
backend = "aqua:terraform-docs/terraform-docs"
specifiers = ["0.24.0"]

[tools.terraform-docs."platforms.linux-x64"]
checksum = "sha256:9005daf969de0b50134493a2c00078b49f5f5b39d021cda7c89bf4d4f3d776d3"
url = "https://github.com/terraform-docs/terraform-docs/releases/download/v0.24.0/terraform-docs-v0.24.0-linux-amd64.tar.gz"
url_api = "https://api.github.com/repos/terraform-docs/terraform-docs/releases/assets/416956208"

[[tools.terramate]]
version = "0.17.3"
backend = "aqua:terramate-io/terramate"
specifiers = ["0.17.3"]

[tools.terramate."platforms.linux-x64"]
checksum = "sha256:303fd597a76af00c728b3eb626493dc2a71585dcd679c5e07a338da44d24a060"
url = "https://github.com/terramate-io/terramate/releases/download/v0.17.3/terramate_0.17.3_linux_x86_64.tar.gz"
url_api = "https://api.github.com/repos/terramate-io/terramate/releases/assets/550458254"

[[tools.tflint]]
version = "0.64.0"
backend = "aqua:terraform-linters/tflint"
specifiers = ["0.64.0"]

[tools.tflint."platforms.linux-x64"]
checksum = "sha256:cca9d13e2e1d7a2c627af60ff899a3c9b74212899416aeb96ec764d2ef954537"
url = "https://github.com/terraform-linters/tflint/releases/download/v0.64.0/tflint_linux_amd64.zip"
url_api = "https://api.github.com/repos/terraform-linters/tflint/releases/assets/480528344"
provenance = "github-attestations"

[[tools.trivy]]
version = "0.72.0"
backend = "aqua:aquasecurity/trivy"
specifiers = ["0.72.0"]

[tools.trivy."platforms.linux-x64"]
checksum = "sha256:bbb64b9695866ce4a7a8f5c9592002c5961cab378577fa3f8a040df362b9b2ea"
url = "https://github.com/aquasecurity/trivy/releases/download/v0.72.0/trivy_0.72.0_Linux-64bit.tar.gz"
url_api = "https://api.github.com/repos/aquasecurity/trivy/releases/assets/462015055"
provenance = "cosign"

[[tools.uv]]
version = "0.12.22"
backend = "aqua:astral-sh/uv"
specifiers = ["0.12.22"]

[tools.uv."platforms.linux-x64"]
checksum = "sha256:b9980552309f09c15172b8be828555e375097f16deb459795ce7bfd200380f0b"
url = "https://github.com/astral-sh/uv/releases/download/0.12.22/uv-x86_64-unknown-linux-gnu.tar.gz"
url_api = "https://api.github.com/repos/astral-sh/uv/releases/assets/604418465"
provenance = "github-attestations"
